{
    "_meta": {
        "hash": {
            "sha256": "85dc093a65f083505c8711603d433d4c2b1a90f87cf59918a80302b32a8c4736"
        },
        "pipfile-spec": 6,
        "requires": {
            "python_version": "3.12"
        },
        "sources": [
            {
                "name": "pypi",
                "url": "https://pypi.org/simple",
                "verify_ssl": true
            }
        ]
    },
    "default": {
        "django-admin-honeypot": {
            "hashes": [
                "sha256:88e72753f5cbda88d909292d9f3fe7741fb74a8afad083f96e86114238f9b364",
                "sha256:e18a52832b82740917737873c6f34117d15631565e9e4b7dbb9df48a29250796"
            ],
            "index": "pypi",
            "version": "==1.1.0"
        }
    },
    "develop": {}
}
